# This file is automatically @generated by Cargo.
# It is not intended for manual editing.
[[package]]
name = "kensatsu"
version = "0.1.0"
dependencies = [
 "pafe",
]

[[package]]
name = "pafe"
version = "0.1.0"
source = "git+https://github.com/mistydemeo/pafe.rs?branch=main#6ced7043966101c0d4cf257e716017907d8fcf07"
dependencies = [
 "pafe-sys",
]

[[package]]
name = "pafe-sys"
version = "0.1.0"
source = "git+https://github.com/mistydemeo/pafe.rs?branch=main#6ced7043966101c0d4cf257e716017907d8fcf07"
