# This file is automatically @generated by Cargo.
# It is not intended for manual editing.
[[package]]
name = "kensatsu"
version = "0.1.0"
dependencies = [
 "pafe",
]

[[package]]
name = "libc"
version = "0.2.94"
source = "registry+https://github.com/rust-lang/crates.io-index"
checksum = "18794a8ad5b29321f790b55d93dfba91e125cb1a9edbd4f8e3150acc771c1a5e"

[[package]]
name = "pafe"
version = "0.1.0"
source = "git+https://github.com/mistydemeo/pafe.rs?branch=main#ac15b86b41eeb6b9c282369aa9d762b862a5aaf2"
dependencies = [
 "pafe-sys",
]

[[package]]
name = "pafe-sys"
version = "0.1.0"
source = "git+https://github.com/mistydemeo/pafe.rs?branch=main#ac15b86b41eeb6b9c282369aa9d762b862a5aaf2"
dependencies = [
 "libc",
]
